
Microsoft Visual Studio Solution File, Format Version 12.00
# Visual Studio 15
VisualStudioVersion = 15.0.27703.2042
MinimumVisualStudioVersion = 10.0.40219.1
Project("{FAE04EC0-301F-11D3-BF4B-00C04F79EFBC}") = "Klir.TechChallenge.WebSPA", "Klir.TechChallenge.WebSPA\Klir.TechChallenge.WebSPA.csproj", "{ABD1CEDF-0FF1-4EAF-8170-B9805181B49C}"
EndProject
Project("{FAE04EC0-301F-11D3-BF4B-00C04F79EFBC}") = "Klir.TechChallenge.WebAPI", "Klir.TechChallenge.WebAPI\Klir.TechChallenge.WebAPI.csproj", "{2BBEC367-9B1F-4DFE-A61D-4707D2743F04}"
EndProject
Global
	GlobalSection(SolutionConfigurationPlatforms) = preSolution
		Debug|Any CPU = Debug|Any CPU
		Release|Any CPU = Release|Any CPU
	EndGlobalSection
	GlobalSection(ProjectConfigurationPlatforms) = postSolution
		{ABD1CEDF-0FF1-4EAF-8170-B9805181B49C}.Debug|Any CPU.ActiveCfg = Debug|Any CPU
		{ABD1CEDF-0FF1-4EAF-8170-B9805181B49C}.Debug|Any CPU.Build.0 = Debug|Any CPU
		{ABD1CEDF-0FF1-4EAF-8170-B9805181B49C}.Release|Any CPU.ActiveCfg = Release|Any CPU
		{ABD1CEDF-0FF1-4EAF-8170-B9805181B49C}.Release|Any CPU.Build.0 = Release|Any CPU
		{2BBEC367-9B1F-4DFE-A61D-4707D2743F04}.Debug|Any CPU.ActiveCfg = Debug|Any CPU
		{2BBEC367-9B1F-4DFE-A61D-4707D2743F04}.Debug|Any CPU.Build.0 = Debug|Any CPU
		{2BBEC367-9B1F-4DFE-A61D-4707D2743F04}.Release|Any CPU.ActiveCfg = Release|Any CPU
		{2BBEC367-9B1F-4DFE-A61D-4707D2743F04}.Release|Any CPU.Build.0 = Release|Any CPU
	EndGlobalSection
	GlobalSection(SolutionProperties) = preSolution
		HideSolutionNode = FALSE
	EndGlobalSection
	GlobalSection(ExtensibilityGlobals) = postSolution
		SolutionGuid = {C620A2ED-1277-4CB8-AB32-6B118E3AFCDC}
	EndGlobalSection
EndGlobal
